
Microsoft Visual Studio Solution File, Format Version 12.00
# Visual Studio Version 16
VisualStudioVersion = 16.0.31112.23
MinimumVisualStudioVersion = 10.0.40219.1
Project("{FAE04EC0-301F-11D3-BF4B-00C04F79EFBC}") = "AssetTracker", "AssetTracker.csproj", "{F80291FC-D2D1-4AB7-9280-80E33DFCFDF6}"
EndProject
Project("{FAE04EC0-301F-11D3-BF4B-00C04F79EFBC}") = "CodeGenerator", "..\CodeGenerator\CodeGenerator.csproj", "{6C246D73-925B-4D19-9D6A-B3ABC78A266F}"
EndProject
Project("{FAE04EC0-301F-11D3-BF4B-00C04F79EFBC}") = "DataAccessLayer", "..\DataAccessLayer\DataAccessLayer.csproj", "{32E92E03-80BB-4F81-9605-A76DE48145D6}"
EndProject
Project("{FAE04EC0-301F-11D3-BF4B-00C04F79EFBC}") = "DomainModel", "..\DomainModel\DomainModel.csproj", "{6E5F6CA5-49CA-4FE9-8A21-9BEC8F0DEF8B}"
EndProject
Global
	GlobalSection(SolutionConfigurationPlatforms) = preSolution
		Debug|Any CPU = Debug|Any CPU
		Release|Any CPU = Release|Any CPU
	EndGlobalSection
	GlobalSection(ProjectConfigurationPlatforms) = postSolution
		{F80291FC-D2D1-4AB7-9280-80E33DFCFDF6}.Debug|Any CPU.ActiveCfg = Debug|Any CPU
		{F80291FC-D2D1-4AB7-9280-80E33DFCFDF6}.Debug|Any CPU.Build.0 = Debug|Any CPU
		{F80291FC-D2D1-4AB7-9280-80E33DFCFDF6}.Release|Any CPU.ActiveCfg = Release|Any CPU
		{F80291FC-D2D1-4AB7-9280-80E33DFCFDF6}.Release|Any CPU.Build.0 = Release|Any CPU
		{6C246D73-925B-4D19-9D6A-B3ABC78A266F}.Debug|Any CPU.ActiveCfg = Debug|Any CPU
		{6C246D73-925B-4D19-9D6A-B3ABC78A266F}.Debug|Any CPU.Build.0 = Debug|Any CPU
		{6C246D73-925B-4D19-9D6A-B3ABC78A266F}.Release|Any CPU.ActiveCfg = Release|Any CPU
		{6C246D73-925B-4D19-9D6A-B3ABC78A266F}.Release|Any CPU.Build.0 = Release|Any CPU
		{32E92E03-80BB-4F81-9605-A76DE48145D6}.Debug|Any CPU.ActiveCfg = Debug|Any CPU
		{32E92E03-80BB-4F81-9605-A76DE48145D6}.Debug|Any CPU.Build.0 = Debug|Any CPU
		{32E92E03-80BB-4F81-9605-A76DE48145D6}.Release|Any CPU.ActiveCfg = Release|Any CPU
		{32E92E03-80BB-4F81-9605-A76DE48145D6}.Release|Any CPU.Build.0 = Release|Any CPU
		{6E5F6CA5-49CA-4FE9-8A21-9BEC8F0DEF8B}.Debug|Any CPU.ActiveCfg = Debug|Any CPU
		{6E5F6CA5-49CA-4FE9-8A21-9BEC8F0DEF8B}.Debug|Any CPU.Build.0 = Debug|Any CPU
		{6E5F6CA5-49CA-4FE9-8A21-9BEC8F0DEF8B}.Release|Any CPU.ActiveCfg = Release|Any CPU
		{6E5F6CA5-49CA-4FE9-8A21-9BEC8F0DEF8B}.Release|Any CPU.Build.0 = Release|Any CPU
	EndGlobalSection
	GlobalSection(SolutionProperties) = preSolution
		HideSolutionNode = FALSE
	EndGlobalSection
	GlobalSection(ExtensibilityGlobals) = postSolution
		SolutionGuid = {7CD97E9B-912E-4B2D-8165-E99ABB0077ED}
	EndGlobalSection
EndGlobal
